<Solution>
  <Folder Name="/BuildingBlocks/">
    <Project Path="BuildingBlocks/BuildingBlocks/BuildingBlocks.csproj" Id="1ed3f0df-45c2-4e97-a65c-dc870e0658d5" />
  </Folder>
  <Folder Name="/Issues/">
    <File Path="ErrorSentHTTPSToContainer_Analysis.md" />
  </Folder>
  <Folder Name="/Knowledges/">
    <File Path="CleanArchitecture.md" />
    <File Path="docker-compose-networking-port-mapping-notes.md" />
  </Folder>
  <Folder Name="/Services/" />
  <Folder Name="/Services/Basket/">
    <Project Path="Services/Basket/Basket.API/Basket.API.csproj" Id="255e7e60-dc0e-439d-ab9a-43647468872f" />
  </Folder>
  <Folder Name="/Services/Catalog/">
    <Project Path="Services/Catalog/Catalog.API/Catalog.API.csproj" Id="49967b40-20ad-4f6b-8f9d-88c344164599" />
  </Folder>
  <Folder Name="/Services/Discount/">
    <Project Path="Services/Discount/Discount.Grpc/Discount.Grpc.csproj" Id="29b4649d-044b-4b6f-b2b9-63ab19af038c" />
  </Folder>
  <Project Path="docker-compose.dcproj">
    <Build />
  </Project>
</Solution>
